
Microsoft Visual Studio Solution File, Format Version 12.00
# Visual Studio Version 16
VisualStudioVersion = 16.0.30413.136
MinimumVisualStudioVersion = 10.0.40219.1
Project("{FAE04EC0-301F-11D3-BF4B-00C04F79EFBC}") = "Shopnear.Android", "Shopnear\Shopnear.Android\Shopnear.Android.csproj", "{3CB9C1F2-1AC4-4E74-8C65-C496ED230A6D}"
EndProject
Project("{9A19103F-16F7-4668-BE54-9A1E7A4F7556}") = "Shopnear", "Shopnear\Shopnear\Shopnear.csproj", "{CC88AD20-E0E0-423A-A31A-2456C1881A25}"
EndProject
Project("{2150E333-8FDC-42A3-9474-1A3956D46DE8}") = "Solution Items", "Solution Items", "{6D50DA22-49DB-4D2F-8A39-A845E962ECC6}"
	ProjectSection(SolutionItems) = preProject
		.editorconfig = .editorconfig
	EndProjectSection
EndProject
Global
	GlobalSection(SolutionConfigurationPlatforms) = preSolution
		Debug|Any CPU = Debug|Any CPU
		Release|Any CPU = Release|Any CPU
	EndGlobalSection
	GlobalSection(ProjectConfigurationPlatforms) = postSolution
		{3CB9C1F2-1AC4-4E74-8C65-C496ED230A6D}.Debug|Any CPU.ActiveCfg = Debug|Any CPU
		{3CB9C1F2-1AC4-4E74-8C65-C496ED230A6D}.Debug|Any CPU.Build.0 = Debug|Any CPU
		{3CB9C1F2-1AC4-4E74-8C65-C496ED230A6D}.Debug|Any CPU.Deploy.0 = Debug|Any CPU
		{3CB9C1F2-1AC4-4E74-8C65-C496ED230A6D}.Release|Any CPU.ActiveCfg = Release|Any CPU
		{3CB9C1F2-1AC4-4E74-8C65-C496ED230A6D}.Release|Any CPU.Build.0 = Release|Any CPU
		{3CB9C1F2-1AC4-4E74-8C65-C496ED230A6D}.Release|Any CPU.Deploy.0 = Release|Any CPU
		{CC88AD20-E0E0-423A-A31A-2456C1881A25}.Debug|Any CPU.ActiveCfg = Debug|Any CPU
		{CC88AD20-E0E0-423A-A31A-2456C1881A25}.Debug|Any CPU.Build.0 = Debug|Any CPU
		{CC88AD20-E0E0-423A-A31A-2456C1881A25}.Debug|Any CPU.Deploy.0 = Debug|Any CPU
		{CC88AD20-E0E0-423A-A31A-2456C1881A25}.Release|Any CPU.ActiveCfg = Release|Any CPU
		{CC88AD20-E0E0-423A-A31A-2456C1881A25}.Release|Any CPU.Build.0 = Release|Any CPU
		{CC88AD20-E0E0-423A-A31A-2456C1881A25}.Release|Any CPU.Deploy.0 = Release|Any CPU
	EndGlobalSection
	GlobalSection(SolutionProperties) = preSolution
		HideSolutionNode = FALSE
	EndGlobalSection
	GlobalSection(ExtensibilityGlobals) = postSolution
		SolutionGuid = {99AEAA51-7E05-48B1-AED5-A426D8FFEBF0}
	EndGlobalSection
EndGlobal
